
Microsoft Visual Studio Solution File, Format Version 12.00
# Visual Studio Version 17
VisualStudioVersion = 17.11.35312.102
MinimumVisualStudioVersion = 10.0.40219.1
Project("{9A19103F-16F7-4668-BE54-9A1E7A4F7556}") = "yavpotoke", "yavpotoke\yavpotoke.csproj", "{F2C4FDB1-E6BF-4ADE-BCE3-2B528488FB9B}"
EndProject
Global
	GlobalSection(SolutionConfigurationPlatforms) = preSolution
		Debug|Any CPU = Debug|Any CPU
		Release|Any CPU = Release|Any CPU
	EndGlobalSection
	GlobalSection(ProjectConfigurationPlatforms) = postSolution
		{F2C4FDB1-E6BF-4ADE-BCE3-2B528488FB9B}.Debug|Any CPU.ActiveCfg = Debug|Any CPU
		{F2C4FDB1-E6BF-4ADE-BCE3-2B528488FB9B}.Debug|Any CPU.Build.0 = Debug|Any CPU
		{F2C4FDB1-E6BF-4ADE-BCE3-2B528488FB9B}.Release|Any CPU.ActiveCfg = Release|Any CPU
		{F2C4FDB1-E6BF-4ADE-BCE3-2B528488FB9B}.Release|Any CPU.Build.0 = Release|Any CPU
	EndGlobalSection
	GlobalSection(SolutionProperties) = preSolution
		HideSolutionNode = FALSE
	EndGlobalSection
	GlobalSection(ExtensibilityGlobals) = postSolution
		SolutionGuid = {BB68B257-C655-42B8-8059-E8556874C938}
	EndGlobalSection
EndGlobal
